{
  "nodes": {
    "nix-flatpak": {
      "locked": {
        "lastModified": 1708781964,
        "narHash": "sha256-qbEZgB1mNuMADLmM64EtcRjDHXR3UFL4xVmoanv9wZU=",
        "owner": "gmodena",
        "repo": "nix-flatpak",
        "rev": "09d07c73b4d9771f527a168e0b1b6d8a1f39de28",
        "type": "github"
      },
      "original": {
        "owner": "gmodena",
        "repo": "nix-flatpak",
        "type": "github"
      }
    },
    "nixpkgs": {
      "locked": {
        "lastModified": 1709237383,
        "narHash": "sha256-cy6ArO4k5qTx+l5o+0mL9f5fa86tYUX3ozE1S+Txlds=",
        "owner": "NixOS",
        "repo": "nixpkgs",
        "rev": "1536926ef5621b09bba54035ae2bb6d806d72ac8",
        "type": "github"
      },
      "original": {
        "owner": "NixOS",
        "ref": "nixos-unstable",
        "repo": "nixpkgs",
        "type": "github"
      }
    },
    "root": {
      "inputs": {
        "nix-flatpak": "nix-flatpak",
        "nixpkgs": "nixpkgs"
      }
    }
  },
  "root": "root",
  "version": 7
}
